
Microsoft Visual Studio Solution File, Format Version 12.00
# Visual Studio Version 16
VisualStudioVersion = 25.0.1704.2
MinimumVisualStudioVersion = 10.0.40219.1
Project("{FAE04EC0-301F-11D3-BF4B-00C04F79EFBC}") = "HarshaBank.Presentation", "HarshaBank.Presentation\HarshaBank.Presentation.csproj", "{4F5ECF8B-6703-412F-9609-8E61C71D2846}"
EndProject
Global
	GlobalSection(SolutionConfigurationPlatforms) = preSolution
		Debug|Any CPU = Debug|Any CPU
		Release|Any CPU = Release|Any CPU
	EndGlobalSection
	GlobalSection(ProjectConfigurationPlatforms) = postSolution
		{4F5ECF8B-6703-412F-9609-8E61C71D2846}.Debug|Any CPU.ActiveCfg = Debug|Any CPU
		{4F5ECF8B-6703-412F-9609-8E61C71D2846}.Debug|Any CPU.Build.0 = Debug|Any CPU
		{4F5ECF8B-6703-412F-9609-8E61C71D2846}.Release|Any CPU.ActiveCfg = Release|Any CPU
		{4F5ECF8B-6703-412F-9609-8E61C71D2846}.Release|Any CPU.Build.0 = Release|Any CPU
	EndGlobalSection
	GlobalSection(SolutionProperties) = preSolution
		HideSolutionNode = FALSE
	EndGlobalSection
	GlobalSection(ExtensibilityGlobals) = postSolution
		SolutionGuid = {3E2D2DBB-A75B-44F0-B224-8C5A56C0B645}
	EndGlobalSection
EndGlobal
